{
    "version": "0.5",
    "requires": [
        "zlib/1.3.1#f52e03ae3d251dec704634230cd806a2%1708593606.497",
        "xorg/system#98f82cb669e4ebc6b4d9d8a4f3f1faf4%1725460968.361",
        "vorbis/1.3.7#37e58f52e59a6232199b34ef402714a6%1699046045.52",
        "stb/cci.20230920#ed79bd361e974a99137f214efb117eef%1720366013.319",
        "sfml/2.5.1#0d529e1e47d2aeba82d66074fcc14380%1705055341.35",
        "opengl/system#4df6fecde4084386beded3ed0e56e4ea%1709801735.507",
        "openal-soft/1.22.2#506a381e0b805519cba4a7f1ee653fed%1712154674.237",
        "ogg/1.3.5#062626875f5c8c59f069f76f148098ef%1676030023.878",
        "libudev/system#6aaa8ab03cabc6f3131bac21b7ce1e8a%1709765096.435",
        "libpng/1.6.44#9e1aa08fb46946c7c91e4ae03bd49811%1726517437.225",
        "libalsa/1.2.10#e64d5e1ced869a2f676145bab4f4a181%1724146566.895",
        "freetype/2.13.2#5d2563803c8558d4ef47271a82c73d20%1728736671.752",
        "flac/1.4.3#112ca54377880fa91b13268d48e17871%1713623506.329",
        "catch2/2.13.7#c887906848a31e658e5d7025280a3c51%1678135818.966",
        "bzip2/1.0.8#d00dac990f08d991998d624be81a9526%1724661266.998",
        "brotli/1.1.0#d56d7bb9ca722942aba17369cb5c0519%1696161049.808"
    ],
    "build_requires": [
        "pkgconf/2.1.0#27f44583701117b571307cf5b5fe5605%1701537936.436",
        "ninja/1.12.1#fd583651bf0c6a901943495d49878803%1724079877.609",
        "meson/1.3.2#26ce8a76a36cc275cdfee1d757bc6561%1726730118.251",
        "meson/1.2.2#21b73818ba96d9eea465b310b5bbc993%1726730120.212",
        "m4/1.4.19#b38ced39a01e31fef5435bc634461fd2%1700758725.451",
        "libtool/2.4.7#08316dad5c72c541ed21e039e4cf217b%1702300906.107",
        "gnu-config/cci.20210814#dc430d754f465e8c74463019672fb97b%1701248168.479",
        "cmake/3.22.6#32cced101c6df0fab43e8d00bd2483eb%1678699428.472",
        "automake/1.16.5#058bda3e21c36c9aa8425daf3c1faf50%1688481772.751",
        "autoconf/2.71#f9307992909d7fb3df459340f1932809%1711983104.648"
    ],
    "python_requires": [],
    "config_requires": []
}